
Microsoft Visual Studio Solution File, Format Version 12.00
# Visual Studio 15
VisualStudioVersion = 15.0.26124.0
MinimumVisualStudioVersion = 15.0.26124.0
Project("{FAE04EC0-301F-11D3-BF4B-00C04F79EFBC}") = "microstack", "microstack\microstack.csproj", "{FED439DF-91B3-4985-920C-8732E5ABF37A}"
EndProject
Project("{FAE04EC0-301F-11D3-BF4B-00C04F79EFBC}") = "microstack.tests", "microstack.tests\microstack.tests.csproj", "{84852A6E-818D-4A33-B93C-2F764FE8D78C}"
EndProject
Global
	GlobalSection(SolutionConfigurationPlatforms) = preSolution
		Debug|Any CPU = Debug|Any CPU
		Debug|x64 = Debug|x64
		Debug|x86 = Debug|x86
		Release|Any CPU = Release|Any CPU
		Release|x64 = Release|x64
		Release|x86 = Release|x86
	EndGlobalSection
	GlobalSection(SolutionProperties) = preSolution
		HideSolutionNode = FALSE
	EndGlobalSection
	GlobalSection(ProjectConfigurationPlatforms) = postSolution
		{FED439DF-91B3-4985-920C-8732E5ABF37A}.Debug|Any CPU.ActiveCfg = Debug|Any CPU
		{FED439DF-91B3-4985-920C-8732E5ABF37A}.Debug|Any CPU.Build.0 = Debug|Any CPU
		{FED439DF-91B3-4985-920C-8732E5ABF37A}.Debug|x64.ActiveCfg = Debug|Any CPU
		{FED439DF-91B3-4985-920C-8732E5ABF37A}.Debug|x64.Build.0 = Debug|Any CPU
		{FED439DF-91B3-4985-920C-8732E5ABF37A}.Debug|x86.ActiveCfg = Debug|Any CPU
		{FED439DF-91B3-4985-920C-8732E5ABF37A}.Debug|x86.Build.0 = Debug|Any CPU
		{FED439DF-91B3-4985-920C-8732E5ABF37A}.Release|Any CPU.ActiveCfg = Release|Any CPU
		{FED439DF-91B3-4985-920C-8732E5ABF37A}.Release|Any CPU.Build.0 = Release|Any CPU
		{FED439DF-91B3-4985-920C-8732E5ABF37A}.Release|x64.ActiveCfg = Release|Any CPU
		{FED439DF-91B3-4985-920C-8732E5ABF37A}.Release|x64.Build.0 = Release|Any CPU
		{FED439DF-91B3-4985-920C-8732E5ABF37A}.Release|x86.ActiveCfg = Release|Any CPU
		{FED439DF-91B3-4985-920C-8732E5ABF37A}.Release|x86.Build.0 = Release|Any CPU
		{84852A6E-818D-4A33-B93C-2F764FE8D78C}.Debug|Any CPU.ActiveCfg = Debug|Any CPU
		{84852A6E-818D-4A33-B93C-2F764FE8D78C}.Debug|Any CPU.Build.0 = Debug|Any CPU
		{84852A6E-818D-4A33-B93C-2F764FE8D78C}.Debug|x64.ActiveCfg = Debug|Any CPU
		{84852A6E-818D-4A33-B93C-2F764FE8D78C}.Debug|x64.Build.0 = Debug|Any CPU
		{84852A6E-818D-4A33-B93C-2F764FE8D78C}.Debug|x86.ActiveCfg = Debug|Any CPU
		{84852A6E-818D-4A33-B93C-2F764FE8D78C}.Debug|x86.Build.0 = Debug|Any CPU
		{84852A6E-818D-4A33-B93C-2F764FE8D78C}.Release|Any CPU.ActiveCfg = Release|Any CPU
		{84852A6E-818D-4A33-B93C-2F764FE8D78C}.Release|Any CPU.Build.0 = Release|Any CPU
		{84852A6E-818D-4A33-B93C-2F764FE8D78C}.Release|x64.ActiveCfg = Release|Any CPU
		{84852A6E-818D-4A33-B93C-2F764FE8D78C}.Release|x64.Build.0 = Release|Any CPU
		{84852A6E-818D-4A33-B93C-2F764FE8D78C}.Release|x86.ActiveCfg = Release|Any CPU
		{84852A6E-818D-4A33-B93C-2F764FE8D78C}.Release|x86.Build.0 = Release|Any CPU
	EndGlobalSection
EndGlobal
