
Microsoft Visual Studio Solution File, Format Version 12.00
# Visual Studio Version 16
VisualStudioVersion = 16.0.31019.35
MinimumVisualStudioVersion = 15.0.26124.0
Project("{9A19103F-16F7-4668-BE54-9A1E7A4F7556}") = "Microstack.CLI", "Microstack.CLI\Microstack.CLI.csproj", "{018EFE8C-77F4-454A-A227-666A77475B85}"
EndProject
Project("{9A19103F-16F7-4668-BE54-9A1E7A4F7556}") = "Microstack.Configuration", "Microstack.Configuration\Microstack.Configuration.csproj", "{19427CFF-BBC6-4BC1-A4EF-208C48E1FC27}"
EndProject
Project("{9A19103F-16F7-4668-BE54-9A1E7A4F7556}") = "Microstack.Daemon.WindowsService", "Microstack.Daemon.WindowsService\Microstack.Daemon.WindowsService.csproj", "{EB09900D-1E87-42C4-936E-84CBF8BBB3EC}"
EndProject
Project("{9A19103F-16F7-4668-BE54-9A1E7A4F7556}") = "Microstack.Git", "Microstack.git\Microstack.Git.csproj", "{1B30B3D7-901E-4C80-9B92-7342760DD448}"
EndProject
Project("{9A19103F-16F7-4668-BE54-9A1E7A4F7556}") = "Microstack.Repository", "Microstack.Repository\Microstack.Repository.csproj", "{6BE789F0-587B-4E3B-A7DF-1D009A18081A}"
EndProject
Project("{9A19103F-16F7-4668-BE54-9A1E7A4F7556}") = "Microstack.API", "Microstack.API\Microstack.API.csproj", "{0C87A544-0908-4E7B-B2FF-0EE027A946A1}"
EndProject
Project("{9A19103F-16F7-4668-BE54-9A1E7A4F7556}") = "Microstack.Tests", "..\tests\Microstack.Tests.csproj", "{4C7DE51C-7748-44D8-A7C6-8196949900C3}"
EndProject
Project("{FAE04EC0-301F-11D3-BF4B-00C04F79EFBC}") = "Microstack.Common", "Microstack.Common\Microstack.Common.csproj", "{A8957924-FCB4-46A5-8489-39F878CD032A}"
EndProject
Project("{2150E333-8FDC-42A3-9474-1A3956D46DE8}") = "testapp", "testapp", "{18E368A5-9AA6-437E-A60D-3AD94A758D3D}"
EndProject
Project("{9A19103F-16F7-4668-BE54-9A1E7A4F7556}") = "testapp", "..\testapp\testapp.csproj", "{767EFD95-3C18-45A4-83D5-C35B2603D68F}"
EndProject
Global
	GlobalSection(SolutionConfigurationPlatforms) = preSolution
		Debug|Any CPU = Debug|Any CPU
		Debug|x64 = Debug|x64
		Debug|x86 = Debug|x86
		Release|Any CPU = Release|Any CPU
		Release|x64 = Release|x64
		Release|x86 = Release|x86
	EndGlobalSection
	GlobalSection(ProjectConfigurationPlatforms) = postSolution
		{018EFE8C-77F4-454A-A227-666A77475B85}.Debug|Any CPU.ActiveCfg = Debug|Any CPU
		{018EFE8C-77F4-454A-A227-666A77475B85}.Debug|Any CPU.Build.0 = Debug|Any CPU
		{018EFE8C-77F4-454A-A227-666A77475B85}.Debug|x64.ActiveCfg = Debug|Any CPU
		{018EFE8C-77F4-454A-A227-666A77475B85}.Debug|x64.Build.0 = Debug|Any CPU
		{018EFE8C-77F4-454A-A227-666A77475B85}.Debug|x86.ActiveCfg = Debug|Any CPU
		{018EFE8C-77F4-454A-A227-666A77475B85}.Debug|x86.Build.0 = Debug|Any CPU
		{018EFE8C-77F4-454A-A227-666A77475B85}.Release|Any CPU.ActiveCfg = Release|Any CPU
		{018EFE8C-77F4-454A-A227-666A77475B85}.Release|Any CPU.Build.0 = Release|Any CPU
		{018EFE8C-77F4-454A-A227-666A77475B85}.Release|x64.ActiveCfg = Release|Any CPU
		{018EFE8C-77F4-454A-A227-666A77475B85}.Release|x64.Build.0 = Release|Any CPU
		{018EFE8C-77F4-454A-A227-666A77475B85}.Release|x86.ActiveCfg = Release|Any CPU
		{018EFE8C-77F4-454A-A227-666A77475B85}.Release|x86.Build.0 = Release|Any CPU
		{19427CFF-BBC6-4BC1-A4EF-208C48E1FC27}.Debug|Any CPU.ActiveCfg = Debug|Any CPU
		{19427CFF-BBC6-4BC1-A4EF-208C48E1FC27}.Debug|Any CPU.Build.0 = Debug|Any CPU
		{19427CFF-BBC6-4BC1-A4EF-208C48E1FC27}.Debug|x64.ActiveCfg = Debug|Any CPU
		{19427CFF-BBC6-4BC1-A4EF-208C48E1FC27}.Debug|x64.Build.0 = Debug|Any CPU
		{19427CFF-BBC6-4BC1-A4EF-208C48E1FC27}.Debug|x86.ActiveCfg = Debug|Any CPU
		{19427CFF-BBC6-4BC1-A4EF-208C48E1FC27}.Debug|x86.Build.0 = Debug|Any CPU
		{19427CFF-BBC6-4BC1-A4EF-208C48E1FC27}.Release|Any CPU.ActiveCfg = Release|Any CPU
		{19427CFF-BBC6-4BC1-A4EF-208C48E1FC27}.Release|Any CPU.Build.0 = Release|Any CPU
		{19427CFF-BBC6-4BC1-A4EF-208C48E1FC27}.Release|x64.ActiveCfg = Release|Any CPU
		{19427CFF-BBC6-4BC1-A4EF-208C48E1FC27}.Release|x64.Build.0 = Release|Any CPU
		{19427CFF-BBC6-4BC1-A4EF-208C48E1FC27}.Release|x86.ActiveCfg = Release|Any CPU
		{19427CFF-BBC6-4BC1-A4EF-208C48E1FC27}.Release|x86.Build.0 = Release|Any CPU
		{EB09900D-1E87-42C4-936E-84CBF8BBB3EC}.Debug|Any CPU.ActiveCfg = Debug|Any CPU
		{EB09900D-1E87-42C4-936E-84CBF8BBB3EC}.Debug|Any CPU.Build.0 = Debug|Any CPU
		{EB09900D-1E87-42C4-936E-84CBF8BBB3EC}.Debug|x64.ActiveCfg = Debug|Any CPU
		{EB09900D-1E87-42C4-936E-84CBF8BBB3EC}.Debug|x64.Build.0 = Debug|Any CPU
		{EB09900D-1E87-42C4-936E-84CBF8BBB3EC}.Debug|x86.ActiveCfg = Debug|Any CPU
		{EB09900D-1E87-42C4-936E-84CBF8BBB3EC}.Debug|x86.Build.0 = Debug|Any CPU
		{EB09900D-1E87-42C4-936E-84CBF8BBB3EC}.Release|Any CPU.ActiveCfg = Release|Any CPU
		{EB09900D-1E87-42C4-936E-84CBF8BBB3EC}.Release|Any CPU.Build.0 = Release|Any CPU
		{EB09900D-1E87-42C4-936E-84CBF8BBB3EC}.Release|x64.ActiveCfg = Release|Any CPU
		{EB09900D-1E87-42C4-936E-84CBF8BBB3EC}.Release|x64.Build.0 = Release|Any CPU
		{EB09900D-1E87-42C4-936E-84CBF8BBB3EC}.Release|x86.ActiveCfg = Release|Any CPU
		{EB09900D-1E87-42C4-936E-84CBF8BBB3EC}.Release|x86.Build.0 = Release|Any CPU
		{1B30B3D7-901E-4C80-9B92-7342760DD448}.Debug|Any CPU.ActiveCfg = Debug|Any CPU
		{1B30B3D7-901E-4C80-9B92-7342760DD448}.Debug|Any CPU.Build.0 = Debug|Any CPU
		{1B30B3D7-901E-4C80-9B92-7342760DD448}.Debug|x64.ActiveCfg = Debug|Any CPU
		{1B30B3D7-901E-4C80-9B92-7342760DD448}.Debug|x64.Build.0 = Debug|Any CPU
		{1B30B3D7-901E-4C80-9B92-7342760DD448}.Debug|x86.ActiveCfg = Debug|Any CPU
		{1B30B3D7-901E-4C80-9B92-7342760DD448}.Debug|x86.Build.0 = Debug|Any CPU
		{1B30B3D7-901E-4C80-9B92-7342760DD448}.Release|Any CPU.ActiveCfg = Release|Any CPU
		{1B30B3D7-901E-4C80-9B92-7342760DD448}.Release|Any CPU.Build.0 = Release|Any CPU
		{1B30B3D7-901E-4C80-9B92-7342760DD448}.Release|x64.ActiveCfg = Release|Any CPU
		{1B30B3D7-901E-4C80-9B92-7342760DD448}.Release|x64.Build.0 = Release|Any CPU
		{1B30B3D7-901E-4C80-9B92-7342760DD448}.Release|x86.ActiveCfg = Release|Any CPU
		{1B30B3D7-901E-4C80-9B92-7342760DD448}.Release|x86.Build.0 = Release|Any CPU
		{6BE789F0-587B-4E3B-A7DF-1D009A18081A}.Debug|Any CPU.ActiveCfg = Debug|Any CPU
		{6BE789F0-587B-4E3B-A7DF-1D009A18081A}.Debug|Any CPU.Build.0 = Debug|Any CPU
		{6BE789F0-587B-4E3B-A7DF-1D009A18081A}.Debug|x64.ActiveCfg = Debug|Any CPU
		{6BE789F0-587B-4E3B-A7DF-1D009A18081A}.Debug|x64.Build.0 = Debug|Any CPU
		{6BE789F0-587B-4E3B-A7DF-1D009A18081A}.Debug|x86.ActiveCfg = Debug|Any CPU
		{6BE789F0-587B-4E3B-A7DF-1D009A18081A}.Debug|x86.Build.0 = Debug|Any CPU
		{6BE789F0-587B-4E3B-A7DF-1D009A18081A}.Release|Any CPU.ActiveCfg = Release|Any CPU
		{6BE789F0-587B-4E3B-A7DF-1D009A18081A}.Release|Any CPU.Build.0 = Release|Any CPU
		{6BE789F0-587B-4E3B-A7DF-1D009A18081A}.Release|x64.ActiveCfg = Release|Any CPU
		{6BE789F0-587B-4E3B-A7DF-1D009A18081A}.Release|x64.Build.0 = Release|Any CPU
		{6BE789F0-587B-4E3B-A7DF-1D009A18081A}.Release|x86.ActiveCfg = Release|Any CPU
		{6BE789F0-587B-4E3B-A7DF-1D009A18081A}.Release|x86.Build.0 = Release|Any CPU
		{0C87A544-0908-4E7B-B2FF-0EE027A946A1}.Debug|Any CPU.ActiveCfg = Debug|Any CPU
		{0C87A544-0908-4E7B-B2FF-0EE027A946A1}.Debug|Any CPU.Build.0 = Debug|Any CPU
		{0C87A544-0908-4E7B-B2FF-0EE027A946A1}.Debug|x64.ActiveCfg = Debug|Any CPU
		{0C87A544-0908-4E7B-B2FF-0EE027A946A1}.Debug|x64.Build.0 = Debug|Any CPU
		{0C87A544-0908-4E7B-B2FF-0EE027A946A1}.Debug|x86.ActiveCfg = Debug|Any CPU
		{0C87A544-0908-4E7B-B2FF-0EE027A946A1}.Debug|x86.Build.0 = Debug|Any CPU
		{0C87A544-0908-4E7B-B2FF-0EE027A946A1}.Release|Any CPU.ActiveCfg = Release|Any CPU
		{0C87A544-0908-4E7B-B2FF-0EE027A946A1}.Release|Any CPU.Build.0 = Release|Any CPU
		{0C87A544-0908-4E7B-B2FF-0EE027A946A1}.Release|x64.ActiveCfg = Release|Any CPU
		{0C87A544-0908-4E7B-B2FF-0EE027A946A1}.Release|x64.Build.0 = Release|Any CPU
		{0C87A544-0908-4E7B-B2FF-0EE027A946A1}.Release|x86.ActiveCfg = Release|Any CPU
		{0C87A544-0908-4E7B-B2FF-0EE027A946A1}.Release|x86.Build.0 = Release|Any CPU
		{4C7DE51C-7748-44D8-A7C6-8196949900C3}.Debug|Any CPU.ActiveCfg = Debug|Any CPU
		{4C7DE51C-7748-44D8-A7C6-8196949900C3}.Debug|Any CPU.Build.0 = Debug|Any CPU
		{4C7DE51C-7748-44D8-A7C6-8196949900C3}.Debug|x64.ActiveCfg = Debug|Any CPU
		{4C7DE51C-7748-44D8-A7C6-8196949900C3}.Debug|x64.Build.0 = Debug|Any CPU
		{4C7DE51C-7748-44D8-A7C6-8196949900C3}.Debug|x86.ActiveCfg = Debug|Any CPU
		{4C7DE51C-7748-44D8-A7C6-8196949900C3}.Debug|x86.Build.0 = Debug|Any CPU
		{4C7DE51C-7748-44D8-A7C6-8196949900C3}.Release|Any CPU.ActiveCfg = Release|Any CPU
		{4C7DE51C-7748-44D8-A7C6-8196949900C3}.Release|Any CPU.Build.0 = Release|Any CPU
		{4C7DE51C-7748-44D8-A7C6-8196949900C3}.Release|x64.ActiveCfg = Release|Any CPU
		{4C7DE51C-7748-44D8-A7C6-8196949900C3}.Release|x64.Build.0 = Release|Any CPU
		{4C7DE51C-7748-44D8-A7C6-8196949900C3}.Release|x86.ActiveCfg = Release|Any CPU
		{4C7DE51C-7748-44D8-A7C6-8196949900C3}.Release|x86.Build.0 = Release|Any CPU
		{A8957924-FCB4-46A5-8489-39F878CD032A}.Debug|Any CPU.ActiveCfg = Debug|Any CPU
		{A8957924-FCB4-46A5-8489-39F878CD032A}.Debug|Any CPU.Build.0 = Debug|Any CPU
		{A8957924-FCB4-46A5-8489-39F878CD032A}.Debug|x64.ActiveCfg = Debug|Any CPU
		{A8957924-FCB4-46A5-8489-39F878CD032A}.Debug|x64.Build.0 = Debug|Any CPU
		{A8957924-FCB4-46A5-8489-39F878CD032A}.Debug|x86.ActiveCfg = Debug|Any CPU
		{A8957924-FCB4-46A5-8489-39F878CD032A}.Debug|x86.Build.0 = Debug|Any CPU
		{A8957924-FCB4-46A5-8489-39F878CD032A}.Release|Any CPU.ActiveCfg = Release|Any CPU
		{A8957924-FCB4-46A5-8489-39F878CD032A}.Release|Any CPU.Build.0 = Release|Any CPU
		{A8957924-FCB4-46A5-8489-39F878CD032A}.Release|x64.ActiveCfg = Release|Any CPU
		{A8957924-FCB4-46A5-8489-39F878CD032A}.Release|x64.Build.0 = Release|Any CPU
		{A8957924-FCB4-46A5-8489-39F878CD032A}.Release|x86.ActiveCfg = Release|Any CPU
		{A8957924-FCB4-46A5-8489-39F878CD032A}.Release|x86.Build.0 = Release|Any CPU
		{767EFD95-3C18-45A4-83D5-C35B2603D68F}.Debug|Any CPU.ActiveCfg = Debug|Any CPU
		{767EFD95-3C18-45A4-83D5-C35B2603D68F}.Debug|Any CPU.Build.0 = Debug|Any CPU
		{767EFD95-3C18-45A4-83D5-C35B2603D68F}.Debug|x64.ActiveCfg = Debug|Any CPU
		{767EFD95-3C18-45A4-83D5-C35B2603D68F}.Debug|x64.Build.0 = Debug|Any CPU
		{767EFD95-3C18-45A4-83D5-C35B2603D68F}.Debug|x86.ActiveCfg = Debug|Any CPU
		{767EFD95-3C18-45A4-83D5-C35B2603D68F}.Debug|x86.Build.0 = Debug|Any CPU
		{767EFD95-3C18-45A4-83D5-C35B2603D68F}.Release|Any CPU.ActiveCfg = Release|Any CPU
		{767EFD95-3C18-45A4-83D5-C35B2603D68F}.Release|Any CPU.Build.0 = Release|Any CPU
		{767EFD95-3C18-45A4-83D5-C35B2603D68F}.Release|x64.ActiveCfg = Release|Any CPU
		{767EFD95-3C18-45A4-83D5-C35B2603D68F}.Release|x64.Build.0 = Release|Any CPU
		{767EFD95-3C18-45A4-83D5-C35B2603D68F}.Release|x86.ActiveCfg = Release|Any CPU
		{767EFD95-3C18-45A4-83D5-C35B2603D68F}.Release|x86.Build.0 = Release|Any CPU
	EndGlobalSection
	GlobalSection(SolutionProperties) = preSolution
		HideSolutionNode = FALSE
	EndGlobalSection
	GlobalSection(NestedProjects) = preSolution
		{767EFD95-3C18-45A4-83D5-C35B2603D68F} = {18E368A5-9AA6-437E-A60D-3AD94A758D3D}
	EndGlobalSection
	GlobalSection(ExtensibilityGlobals) = postSolution
		SolutionGuid = {663FCCAA-E838-4798-8562-4E931383599B}
	EndGlobalSection
EndGlobal
